
Microsoft Visual Studio Solution File, Format Version 12.00
# Visual Studio Version 16
VisualStudioVersion = 16.0.34407.143
MinimumVisualStudioVersion = 10.0.40219.1
Project("{8BC9CEB8-8B4A-11D0-8D11-00A0C91BC942}") = "video 3 tasks", "video 3 tasks\video 3 tasks.vcxproj", "{EB9A29E7-8906-496F-8589-B57153CC0A0F}"
EndProject
Global
	GlobalSection(SolutionConfigurationPlatforms) = preSolution
		Debug|x64 = Debug|x64
		Debug|x86 = Debug|x86
		Release|x64 = Release|x64
		Release|x86 = Release|x86
	EndGlobalSection
	GlobalSection(ProjectConfigurationPlatforms) = postSolution
		{EB9A29E7-8906-496F-8589-B57153CC0A0F}.Debug|x64.ActiveCfg = Debug|x64
		{EB9A29E7-8906-496F-8589-B57153CC0A0F}.Debug|x64.Build.0 = Debug|x64
		{EB9A29E7-8906-496F-8589-B57153CC0A0F}.Debug|x86.ActiveCfg = Debug|Win32
		{EB9A29E7-8906-496F-8589-B57153CC0A0F}.Debug|x86.Build.0 = Debug|Win32
		{EB9A29E7-8906-496F-8589-B57153CC0A0F}.Release|x64.ActiveCfg = Release|x64
		{EB9A29E7-8906-496F-8589-B57153CC0A0F}.Release|x64.Build.0 = Release|x64
		{EB9A29E7-8906-496F-8589-B57153CC0A0F}.Release|x86.ActiveCfg = Release|Win32
		{EB9A29E7-8906-496F-8589-B57153CC0A0F}.Release|x86.Build.0 = Release|Win32
	EndGlobalSection
	GlobalSection(SolutionProperties) = preSolution
		HideSolutionNode = FALSE
	EndGlobalSection
	GlobalSection(ExtensibilityGlobals) = postSolution
		SolutionGuid = {C41384EA-3474-4883-AFE4-FFD74963C36C}
	EndGlobalSection
EndGlobal
